
Microsoft Visual Studio Solution File, Format Version 12.00
# Visual Studio Version 17
VisualStudioVersion = 17.7.34024.191
MinimumVisualStudioVersion = 10.0.40219.1
Project("{2150E333-8FDC-42A3-9474-1A3956D46DE8}") = "Presentations", "Presentations", "{40CE4BC1-4756-4531-88AE-7BDAAB781CD4}"
EndProject
Project("{2150E333-8FDC-42A3-9474-1A3956D46DE8}") = "Services", "Services", "{853CD7E7-1ADC-40A2-9AFB-BCDF43C2C375}"
EndProject
Project("{2150E333-8FDC-42A3-9474-1A3956D46DE8}") = "Identity", "Identity", "{EEFD8523-C7D7-4948-9CF2-3C2B44129E45}"
EndProject
Project("{2150E333-8FDC-42A3-9474-1A3956D46DE8}") = "Shared", "Shared", "{08E52F63-B3C1-4007-81BC-FA6678FA91A2}"
EndProject
Project("{9A19103F-16F7-4668-BE54-9A1E7A4F7556}") = "Atilim.Shared", "Shared\Atilim.Shared\Atilim.Shared.csproj", "{32A3506F-9C6B-4DA3-9A2B-E37BE23E523A}"
EndProject
Project("{9A19103F-16F7-4668-BE54-9A1E7A4F7556}") = "Atilim.Services.Identity.Api", "Services\Identity\Atilim.Services.Identity.Api\Atilim.Services.Identity.Api.csproj", "{D6190BC7-5ADB-4DAE-8576-055618E72E18}"
EndProject
Project("{9A19103F-16F7-4668-BE54-9A1E7A4F7556}") = "Atilim.Services.Identity.Domain", "Services\Identity\Atilim.Services.Identity.Domain\Atilim.Services.Identity.Domain.csproj", "{4F5F6CED-336D-4457-9E41-6B46272A7B63}"
EndProject
Project("{9A19103F-16F7-4668-BE54-9A1E7A4F7556}") = "Atilim.Services.Identity.Infrastructure", "Services\Identity\Atilim.Services.Identity.Infrastructure\Atilim.Services.Identity.Infrastructure.csproj", "{D4CEB519-2026-4803-B6C3-8EC262A5B65C}"
EndProject
Project("{9A19103F-16F7-4668-BE54-9A1E7A4F7556}") = "Atilim.Services.Identity.Application", "Services\Identity\Atilim.Services.Identity.Application\Atilim.Services.Identity.Application.csproj", "{A545BDDB-23E9-46B0-B1D8-9D337A3DA88E}"
EndProject
Project("{FAE04EC0-301F-11D3-BF4B-00C04F79EFBC}") = "Atilim.Presentations.WebApplication", "Presentations\Atilim.Presentations.WebApplication\Atilim.Presentations.WebApplication.csproj", "{380B483D-0ECD-4376-83F3-E24B786F0918}"
EndProject
Global
	GlobalSection(SolutionConfigurationPlatforms) = preSolution
		Debug|Any CPU = Debug|Any CPU
		Release|Any CPU = Release|Any CPU
	EndGlobalSection
	GlobalSection(ProjectConfigurationPlatforms) = postSolution
		{32A3506F-9C6B-4DA3-9A2B-E37BE23E523A}.Debug|Any CPU.ActiveCfg = Debug|Any CPU
		{32A3506F-9C6B-4DA3-9A2B-E37BE23E523A}.Debug|Any CPU.Build.0 = Debug|Any CPU
		{32A3506F-9C6B-4DA3-9A2B-E37BE23E523A}.Release|Any CPU.ActiveCfg = Release|Any CPU
		{32A3506F-9C6B-4DA3-9A2B-E37BE23E523A}.Release|Any CPU.Build.0 = Release|Any CPU
		{D6190BC7-5ADB-4DAE-8576-055618E72E18}.Debug|Any CPU.ActiveCfg = Debug|Any CPU
		{D6190BC7-5ADB-4DAE-8576-055618E72E18}.Debug|Any CPU.Build.0 = Debug|Any CPU
		{D6190BC7-5ADB-4DAE-8576-055618E72E18}.Release|Any CPU.ActiveCfg = Release|Any CPU
		{D6190BC7-5ADB-4DAE-8576-055618E72E18}.Release|Any CPU.Build.0 = Release|Any CPU
		{4F5F6CED-336D-4457-9E41-6B46272A7B63}.Debug|Any CPU.ActiveCfg = Debug|Any CPU
		{4F5F6CED-336D-4457-9E41-6B46272A7B63}.Debug|Any CPU.Build.0 = Debug|Any CPU
		{4F5F6CED-336D-4457-9E41-6B46272A7B63}.Release|Any CPU.ActiveCfg = Release|Any CPU
		{4F5F6CED-336D-4457-9E41-6B46272A7B63}.Release|Any CPU.Build.0 = Release|Any CPU
		{D4CEB519-2026-4803-B6C3-8EC262A5B65C}.Debug|Any CPU.ActiveCfg = Debug|Any CPU
		{D4CEB519-2026-4803-B6C3-8EC262A5B65C}.Debug|Any CPU.Build.0 = Debug|Any CPU
		{D4CEB519-2026-4803-B6C3-8EC262A5B65C}.Release|Any CPU.ActiveCfg = Release|Any CPU
		{D4CEB519-2026-4803-B6C3-8EC262A5B65C}.Release|Any CPU.Build.0 = Release|Any CPU
		{A545BDDB-23E9-46B0-B1D8-9D337A3DA88E}.Debug|Any CPU.ActiveCfg = Debug|Any CPU
		{A545BDDB-23E9-46B0-B1D8-9D337A3DA88E}.Debug|Any CPU.Build.0 = Debug|Any CPU
		{A545BDDB-23E9-46B0-B1D8-9D337A3DA88E}.Release|Any CPU.ActiveCfg = Release|Any CPU
		{A545BDDB-23E9-46B0-B1D8-9D337A3DA88E}.Release|Any CPU.Build.0 = Release|Any CPU
		{380B483D-0ECD-4376-83F3-E24B786F0918}.Debug|Any CPU.ActiveCfg = Debug|Any CPU
		{380B483D-0ECD-4376-83F3-E24B786F0918}.Debug|Any CPU.Build.0 = Debug|Any CPU
		{380B483D-0ECD-4376-83F3-E24B786F0918}.Release|Any CPU.ActiveCfg = Release|Any CPU
		{380B483D-0ECD-4376-83F3-E24B786F0918}.Release|Any CPU.Build.0 = Release|Any CPU
	EndGlobalSection
	GlobalSection(SolutionProperties) = preSolution
		HideSolutionNode = FALSE
	EndGlobalSection
	GlobalSection(NestedProjects) = preSolution
		{EEFD8523-C7D7-4948-9CF2-3C2B44129E45} = {853CD7E7-1ADC-40A2-9AFB-BCDF43C2C375}
		{32A3506F-9C6B-4DA3-9A2B-E37BE23E523A} = {08E52F63-B3C1-4007-81BC-FA6678FA91A2}
		{D6190BC7-5ADB-4DAE-8576-055618E72E18} = {EEFD8523-C7D7-4948-9CF2-3C2B44129E45}
		{4F5F6CED-336D-4457-9E41-6B46272A7B63} = {EEFD8523-C7D7-4948-9CF2-3C2B44129E45}
		{D4CEB519-2026-4803-B6C3-8EC262A5B65C} = {EEFD8523-C7D7-4948-9CF2-3C2B44129E45}
		{A545BDDB-23E9-46B0-B1D8-9D337A3DA88E} = {EEFD8523-C7D7-4948-9CF2-3C2B44129E45}
		{380B483D-0ECD-4376-83F3-E24B786F0918} = {40CE4BC1-4756-4531-88AE-7BDAAB781CD4}
	EndGlobalSection
	GlobalSection(ExtensibilityGlobals) = postSolution
		SolutionGuid = {5E6B2C98-AD29-4525-B87B-1B15C217AF58}
	EndGlobalSection
EndGlobal
